// !$*UTF8*$!
{
	archiveVersion = 1;
	classes = {
	};
	objectVersion = 48;
	objects = {

/* Begin PBXBuildFile section */
		AD62A8F61F98B54E0055C8E7 /* BPMCalculator.c in Sources */ = {isa = PBXBuildFile; fileRef = AD62A8F01F98B54E0055C8E7 /* BPMCalculator.c */; };
		AD62A8F71F98B54E0055C8E7 /* WaveletTransformer.c in Sources */ = {isa = PBXBuildFile; fileRef = AD62A8F21F98B54E0055C8E7 /* WaveletTransformer.c */; };
		AD62A8F81F98B54E0055C8E7 /* WaveletAnalysisContainer.c in Sources */ = {isa = PBXBuildFile; fileRef = AD62A8F51F98B54E0055C8E7 /* WaveletAnalysisContainer.c */; };
		AD62A8FB1F98B5630055C8E7 /* FloatArrayOperations.c in Sources */ = {isa = PBXBuildFile; fileRef = AD62A8F91F98B5630055C8E7 /* FloatArrayOperations.c */; };
		AD62A8FE1F98B5760055C8E7 /* fft.c in Sources */ = {isa = PBXBuildFile; fileRef = AD62A8FC1F98B5760055C8E7 /* fft.c */; };
		AD62A9091F98B9CD0055C8E7 /* BPMCalculator.h in CopyFiles */ = {isa = PBXBuildFile; fileRef = AD62A8F41F98B54E0055C8E7 /* BPMCalculator.h */; };
/* End PBXBuildFile section */

/* Begin PBXCopyFilesBuildPhase section */
		AD62A8E21F98B5200055C8E7 /* CopyFiles */ = {
			isa = PBXCopyFilesBuildPhase;
			buildActionMask = 2147483647;
			dstPath = "include/$(PRODUCT_NAME)";
			dstSubfolderSpec = 16;
			files = (
				AD62A9091F98B9CD0055C8E7 /* BPMCalculator.h in CopyFiles */,
			);
			runOnlyForDeploymentPostprocessing = 0;
		};
/* End PBXCopyFilesBuildPhase section */

/* Begin PBXFileReference section */
		AD62A8E41F98B5200055C8E7 /* libBPMCalculator.a */ = {isa = PBXFileReference; explicitFileType = archive.ar; includeInIndex = 0; path = libBPMCalculator.a; sourceTree = BUILT_PRODUCTS_DIR; };
		AD62A8F01F98B54E0055C8E7 /* BPMCalculator.c */ = {isa = PBXFileReference; fileEncoding = 4; lastKnownFileType = sourcecode.c.c; path = BPMCalculator.c; sourceTree = "<group>"; };
		AD62A8F11F98B54E0055C8E7 /* WaveletAnalysisContainer.h */ = {isa = PBXFileReference; fileEncoding = 4; lastKnownFileType = sourcecode.c.h; path = WaveletAnalysisContainer.h; sourceTree = "<group>"; };
		AD62A8F21F98B54E0055C8E7 /* WaveletTransformer.c */ = {isa = PBXFileReference; fileEncoding = 4; lastKnownFileType = sourcecode.c.c; path = WaveletTransformer.c; sourceTree = "<group>"; };
		AD62A8F31F98B54E0055C8E7 /* WaveletTransformer.h */ = {isa = PBXFileReference; fileEncoding = 4; lastKnownFileType = sourcecode.c.h; path = WaveletTransformer.h; sourceTree = "<group>"; };
		AD62A8F41F98B54E0055C8E7 /* BPMCalculator.h */ = {isa = PBXFileReference; fileEncoding = 4; lastKnownFileType = sourcecode.c.h; path = BPMCalculator.h; sourceTree = "<group>"; };
		AD62A8F51F98B54E0055C8E7 /* WaveletAnalysisContainer.c */ = {isa = PBXFileReference; fileEncoding = 4; lastKnownFileType = sourcecode.c.c; path = WaveletAnalysisContainer.c; sourceTree = "<group>"; };
		AD62A8F91F98B5630055C8E7 /* FloatArrayOperations.c */ = {isa = PBXFileReference; fileEncoding = 4; lastKnownFileType = sourcecode.c.c; path = FloatArrayOperations.c; sourceTree = "<group>"; };
		AD62A8FA1F98B5630055C8E7 /* FloatArrayOperations.h */ = {isa = PBXFileReference; fileEncoding = 4; lastKnownFileType = sourcecode.c.h; path = FloatArrayOperations.h; sourceTree = "<group>"; };
		AD62A8FC1F98B5760055C8E7 /* fft.c */ = {isa = PBXFileReference; fileEncoding = 4; lastKnownFileType = sourcecode.c.c; path = fft.c; sourceTree = "<group>"; };
		AD62A8FD1F98B5760055C8E7 /* fft.h */ = {isa = PBXFileReference; fileEncoding = 4; lastKnownFileType = sourcecode.c.h; path = fft.h; sourceTree = "<group>"; };
/* End PBXFileReference section */

/* Begin PBXFrameworksBuildPhase section */
		AD62A8E11F98B5200055C8E7 /* Frameworks */ = {
			isa = PBXFrameworksBuildPhase;
			buildActionMask = 2147483647;
			files = (
			);
			runOnlyForDeploymentPostprocessing = 0;
		};
/* End PBXFrameworksBuildPhase section */

/* Begin PBXGroup section */
		AD62A8DB1F98B5200055C8E7 = {
			isa = PBXGroup;
			children = (
				AD62A8E61F98B5200055C8E7 /* BPMCalculator */,
				AD62A8E51F98B5200055C8E7 /* Products */,
			);
			sourceTree = "<group>";
		};
		AD62A8E51F98B5200055C8E7 /* Products */ = {
			isa = PBXGroup;
			children = (
				AD62A8E41F98B5200055C8E7 /* libBPMCalculator.a */,
			);
			name = Products;
			sourceTree = "<group>";
		};
		AD62A8E61F98B5200055C8E7 /* BPMCalculator */ = {
			isa = PBXGroup;
			children = (
				AD62A8FC1F98B5760055C8E7 /* fft.c */,
				AD62A8FD1F98B5760055C8E7 /* fft.h */,
				AD62A8F91F98B5630055C8E7 /* FloatArrayOperations.c */,
				AD62A8FA1F98B5630055C8E7 /* FloatArrayOperations.h */,
				AD62A8F01F98B54E0055C8E7 /* BPMCalculator.c */,
				AD62A8F41F98B54E0055C8E7 /* BPMCalculator.h */,
				AD62A8F51F98B54E0055C8E7 /* WaveletAnalysisContainer.c */,
				AD62A8F11F98B54E0055C8E7 /* WaveletAnalysisContainer.h */,
				AD62A8F21F98B54E0055C8E7 /* WaveletTransformer.c */,
				AD62A8F31F98B54E0055C8E7 /* WaveletTransformer.h */,
			);
			path = BPMCalculator;
			sourceTree = "<group>";
		};
/* End PBXGroup section */

/* Begin PBXNativeTarget section */
		AD62A8E31F98B5200055C8E7 /* BPMCalculator */ = {
			isa = PBXNativeTarget;
			buildConfigurationList = AD62A8ED1F98B5200055C8E7 /* Build configuration list for PBXNativeTarget "BPMCalculator" */;
			buildPhases = (
				AD62A8E01F98B5200055C8E7 /* Sources */,
				AD62A8E11F98B5200055C8E7 /* Frameworks */,
				AD62A8E21F98B5200055C8E7 /* CopyFiles */,
			);
			buildRules = (
			);
			dependencies = (
			);
			name = BPMCalculator;
			productName = BPMCalculator;
			productReference = AD62A8E41F98B5200055C8E7 /* libBPMCalculator.a */;
			productType = "com.apple.product-type.library.static";
		};
/* End PBXNativeTarget section */

/* Begin PBXProject section */
		AD62A8DC1F98B5200055C8E7 /* Project object */ = {
			isa = PBXProject;
			attributes = {
				LastUpgradeCheck = 0900;
				ORGANIZATIONNAME = "Szymon Mrozek";
				TargetAttributes = {
					AD62A8E31F98B5200055C8E7 = {
						CreatedOnToolsVersion = 9.0.1;
						ProvisioningStyle = Automatic;
					};
				};
			};
			buildConfigurationList = AD62A8DF1F98B5200055C8E7 /* Build configuration list for PBXProject "BPMCalculator" */;
			compatibilityVersion = "Xcode 8.0";
			developmentRegion = en;
			hasScannedForEncodings = 0;
			knownRegions = (
				en,
			);
			mainGroup = AD62A8DB1F98B5200055C8E7;
			productRefGroup = AD62A8E51F98B5200055C8E7 /* Products */;
			projectDirPath = "";
			projectRoot = "";
			targets = (
				AD62A8E31F98B5200055C8E7 /* BPMCalculator */,
			);
		};
/* End PBXProject section */

/* Begin PBXSourcesBuildPhase section */
		AD62A8E01F98B5200055C8E7 /* Sources */ = {
			isa = PBXSourcesBuildPhase;
			buildActionMask = 2147483647;
			files = (
				AD62A8FB1F98B5630055C8E7 /* FloatArrayOperations.c in Sources */,
				AD62A8F71F98B54E0055C8E7 /* WaveletTransformer.c in Sources */,
				AD62A8F61F98B54E0055C8E7 /* BPMCalculator.c in Sources */,
				AD62A8F81F98B54E0055C8E7 /* WaveletAnalysisContainer.c in Sources */,
				AD62A8FE1F98B5760055C8E7 /* fft.c in Sources */,
			);
			runOnlyForDeploymentPostprocessing = 0;
		};
/* End PBXSourcesBuildPhase section */

/* Begin XCBuildConfiguration section */
		AD62A8EB1F98B5200055C8E7 /* Debug */ = {
			isa = XCBuildConfiguration;
			buildSettings = {
				ALWAYS_SEARCH_USER_PATHS = NO;
				CLANG_ANALYZER_NONNULL = YES;
				CLANG_ANALYZER_NUMBER_OBJECT_CONVERSION = YES_AGGRESSIVE;
				CLANG_CXX_LANGUAGE_STANDARD = "gnu++14";
				CLANG_CXX_LIBRARY = "libc++";
				CLANG_ENABLE_MODULES = YES;
				CLANG_ENABLE_OBJC_ARC = YES;
				CLANG_WARN_BLOCK_CAPTURE_AUTORELEASING = YES;
				CLANG_WARN_BOOL_CONVERSION = YES;
				CLANG_WARN_COMMA = YES;
				CLANG_WARN_CONSTANT_CONVERSION = YES;
				CLANG_WARN_DIRECT_OBJC_ISA_USAGE = YES_ERROR;
				CLANG_WARN_DOCUMENTATION_COMMENTS = YES;
				CLANG_WARN_EMPTY_BODY = YES;
				CLANG_WARN_ENUM_CONVERSION = YES;
				CLANG_WARN_INFINITE_RECURSION = YES;
				CLANG_WARN_INT_CONVERSION = YES;
				CLANG_WARN_NON_LITERAL_NULL_CONVERSION = YES;
				CLANG_WARN_OBJC_LITERAL_CONVERSION = YES;
				CLANG_WARN_OBJC_ROOT_CLASS = YES_ERROR;
				CLANG_WARN_RANGE_LOOP_ANALYSIS = YES;
				CLANG_WARN_STRICT_PROTOTYPES = YES;
				CLANG_WARN_SUSPICIOUS_MOVE = YES;
				CLANG_WARN_UNGUARDED_AVAILABILITY = YES_AGGRESSIVE;
				CLANG_WARN_UNREACHABLE_CODE = YES;
				CLANG_WARN__DUPLICATE_METHOD_MATCH = YES;
				CODE_SIGN_IDENTITY = "iPhone Developer";
				COPY_PHASE_STRIP = NO;
				DEBUG_INFORMATION_FORMAT = dwarf;
				ENABLE_STRICT_OBJC_MSGSEND = YES;
				ENABLE_TESTABILITY = YES;
				GCC_C_LANGUAGE_STANDARD = gnu11;
				GCC_DYNAMIC_NO_PIC = NO;
				GCC_NO_COMMON_BLOCKS = YES;
				GCC_OPTIMIZATION_LEVEL = 0;
				GCC_PREPROCESSOR_DEFINITIONS = (
					"DEBUG=1",
					"$(inherited)",
				);
				GCC_WARN_64_TO_32_BIT_CONVERSION = YES;
				GCC_WARN_ABOUT_RETURN_TYPE = YES_ERROR;
				GCC_WARN_UNDECLARED_SELECTOR = YES;
				GCC_WARN_UNINITIALIZED_AUTOS = YES_AGGRESSIVE;
				GCC_WARN_UNUSED_FUNCTION = YES;
				GCC_WARN_UNUSED_VARIABLE = YES;
				IPHONEOS_DEPLOYMENT_TARGET = 11.0;
				MTL_ENABLE_DEBUG_INFO = YES;
				ONLY_ACTIVE_ARCH = YES;
				SDKROOT = iphoneos;
			};
			name = Debug;
		};
		AD62A8EC1F98B5200055C8E7 /* Release */ = {
			isa = XCBuildConfiguration;
			buildSettings = {
				ALWAYS_SEARCH_USER_PATHS = NO;
				CLANG_ANALYZER_NONNULL = YES;
				CLANG_ANALYZER_NUMBER_OBJECT_CONVERSION = YES_AGGRESSIVE;
				CLANG_CXX_LANGUAGE_STANDARD = "gnu++14";
				CLANG_CXX_LIBRARY = "libc++";
				CLANG_ENABLE_MODULES = YES;
				CLANG_ENABLE_OBJC_ARC = YES;
				CLANG_WARN_BLOCK_CAPTURE_AUTORELEASING = YES;
				CLANG_WARN_BOOL_CONVERSION = YES;
				CLANG_WARN_COMMA = YES;
				CLANG_WARN_CONSTANT_CONVERSION = YES;
				CLANG_WARN_DIRECT_OBJC_ISA_USAGE = YES_ERROR;
				CLANG_WARN_DOCUMENTATION_COMMENTS = YES;
				CLANG_WARN_EMPTY_BODY = YES;
				CLANG_WARN_ENUM_CONVERSION = YES;
				CLANG_WARN_INFINITE_RECURSION = YES;
				CLANG_WARN_INT_CONVERSION = YES;
				CLANG_WARN_NON_LITERAL_NULL_CONVERSION = YES;
				CLANG_WARN_OBJC_LITERAL_CONVERSION = YES;
				CLANG_WARN_OBJC_ROOT_CLASS = YES_ERROR;
				CLANG_WARN_RANGE_LOOP_ANALYSIS = YES;
				CLANG_WARN_STRICT_PROTOTYPES = YES;
				CLANG_WARN_SUSPICIOUS_MOVE = YES;
				CLANG_WARN_UNGUARDED_AVAILABILITY = YES_AGGRESSIVE;
				CLANG_WARN_UNREACHABLE_CODE = YES;
				CLANG_WARN__DUPLICATE_METHOD_MATCH = YES;
				CODE_SIGN_IDENTITY = "iPhone Developer";
				COPY_PHASE_STRIP = NO;
				DEBUG_INFORMATION_FORMAT = "dwarf-with-dsym";
				ENABLE_NS_ASSERTIONS = NO;
				ENABLE_STRICT_OBJC_MSGSEND = YES;
				GCC_C_LANGUAGE_STANDARD = gnu11;
				GCC_NO_COMMON_BLOCKS = YES;
				GCC_WARN_64_TO_32_BIT_CONVERSION = YES;
				GCC_WARN_ABOUT_RETURN_TYPE = YES_ERROR;
				GCC_WARN_UNDECLARED_SELECTOR = YES;
				GCC_WARN_UNINITIALIZED_AUTOS = YES_AGGRESSIVE;
				GCC_WARN_UNUSED_FUNCTION = YES;
				GCC_WARN_UNUSED_VARIABLE = YES;
				IPHONEOS_DEPLOYMENT_TARGET = 11.0;
				MTL_ENABLE_DEBUG_INFO = NO;
				SDKROOT = iphoneos;
				VALIDATE_PRODUCT = YES;
			};
			name = Release;
		};
		AD62A8EE1F98B5200055C8E7 /* Debug */ = {
			isa = XCBuildConfiguration;
			buildSettings = {
				CODE_SIGN_STYLE = Automatic;
				DEVELOPMENT_TEAM = KSMJS9552W;
				OTHER_LDFLAGS = "-ObjC";
				PRODUCT_NAME = "$(TARGET_NAME)";
				SKIP_INSTALL = YES;
				TARGETED_DEVICE_FAMILY = "1,2";
			};
			name = Debug;
		};
		AD62A8EF1F98B5200055C8E7 /* Release */ = {
			isa = XCBuildConfiguration;
			buildSettings = {
				CODE_SIGN_STYLE = Automatic;
				DEVELOPMENT_TEAM = KSMJS9552W;
				OTHER_LDFLAGS = "-ObjC";
				PRODUCT_NAME = "$(TARGET_NAME)";
				SKIP_INSTALL = YES;
				TARGETED_DEVICE_FAMILY = "1,2";
			};
			name = Release;
		};
/* End XCBuildConfiguration section */

/* Begin XCConfigurationList section */
		AD62A8DF1F98B5200055C8E7 /* Build configuration list for PBXProject "BPMCalculator" */ = {
			isa = XCConfigurationList;
			buildConfigurations = (
				AD62A8EB1F98B5200055C8E7 /* Debug */,
				AD62A8EC1F98B5200055C8E7 /* Release */,
			);
			defaultConfigurationIsVisible = 0;
			defaultConfigurationName = Release;
		};
		AD62A8ED1F98B5200055C8E7 /* Build configuration list for PBXNativeTarget "BPMCalculator" */ = {
			isa = XCConfigurationList;
			buildConfigurations = (
				AD62A8EE1F98B5200055C8E7 /* Debug */,
				AD62A8EF1F98B5200055C8E7 /* Release */,
			);
			defaultConfigurationIsVisible = 0;
			defaultConfigurationName = Release;
		};
/* End XCConfigurationList section */
	};
	rootObject = AD62A8DC1F98B5200055C8E7 /* Project object */;
}
